
Microsoft Visual Studio Solution File, Format Version 12.00
# Visual Studio Version 16
VisualStudioVersion = 16.0.31702.278
MinimumVisualStudioVersion = 10.0.40219.1
Project("{FAE04EC0-301F-11D3-BF4B-00C04F79EFBC}") = "Bookish.ConsoleApp", "Bookish\Bookish.ConsoleApp.csproj", "{D4EF57F8-9D59-4B74-827D-04F9594E206C}"
EndProject
Project("{FAE04EC0-301F-11D3-BF4B-00C04F79EFBC}") = "Bookish_dataAccess", "Bookish_dataAccess\Bookish_dataAccess.csproj", "{BAB48CE6-2D30-4AA6-8713-1E5D1B772114}"
EndProject
Global
	GlobalSection(SolutionConfigurationPlatforms) = preSolution
		Debug|Any CPU = Debug|Any CPU
		Release|Any CPU = Release|Any CPU
	EndGlobalSection
	GlobalSection(ProjectConfigurationPlatforms) = postSolution
		{D4EF57F8-9D59-4B74-827D-04F9594E206C}.Debug|Any CPU.ActiveCfg = Debug|Any CPU
		{D4EF57F8-9D59-4B74-827D-04F9594E206C}.Debug|Any CPU.Build.0 = Debug|Any CPU
		{D4EF57F8-9D59-4B74-827D-04F9594E206C}.Release|Any CPU.ActiveCfg = Release|Any CPU
		{D4EF57F8-9D59-4B74-827D-04F9594E206C}.Release|Any CPU.Build.0 = Release|Any CPU
		{BAB48CE6-2D30-4AA6-8713-1E5D1B772114}.Debug|Any CPU.ActiveCfg = Debug|Any CPU
		{BAB48CE6-2D30-4AA6-8713-1E5D1B772114}.Debug|Any CPU.Build.0 = Debug|Any CPU
		{BAB48CE6-2D30-4AA6-8713-1E5D1B772114}.Release|Any CPU.ActiveCfg = Release|Any CPU
		{BAB48CE6-2D30-4AA6-8713-1E5D1B772114}.Release|Any CPU.Build.0 = Release|Any CPU
	EndGlobalSection
	GlobalSection(SolutionProperties) = preSolution
		HideSolutionNode = FALSE
	EndGlobalSection
	GlobalSection(ExtensibilityGlobals) = postSolution
		SolutionGuid = {7D2ADCC1-6D38-44F0-9C6F-69B3379EA175}
	EndGlobalSection
EndGlobal
